{
  "pins" : [
    {
      "identity" : "swift-architecture-template-utility",
      "kind" : "remoteSourceControl",
      "location" : "https://github.com/miyoshi-cq/swift-architecture-template-utility",
      "state" : {
        "revision" : "203839bde98c856dcd69fb30ec77bf3a39477ff6",
        "version" : "0.1.0"
      }
    },
    {
      "identity" : "swift-collections",
      "kind" : "remoteSourceControl",
      "location" : "https://github.com/apple/swift-collections.git",
      "state" : {
        "revision" : "48254824bb4248676bf7ce56014ff57b142b77eb",
        "version" : "1.0.2"
      }
    }
  ],
  "version" : 2
}
