{
  "pins" : [
    {
      "identity" : "nuke",
      "kind" : "remoteSourceControl",
      "location" : "https://github.com/kean/Nuke",
      "state" : {
        "revision" : "a002b7fd786f2df2ed4333fe73a9727499fd9d97",
        "version" : "10.11.2"
      }
    },
    {
      "identity" : "skeletonview",
      "kind" : "remoteSourceControl",
      "location" : "https://github.com/Juanpe/SkeletonView.git",
      "state" : {
        "revision" : "739a4f5d78731bebc48811c75fa9e1f4c4cef23e",
        "version" : "1.30.4"
      }
    },
    {
      "identity" : "swift-architecture-template-utility",
      "kind" : "remoteSourceControl",
      "location" : "https://github.com/miyoshi-cq/swift-architecture-template-utility",
      "state" : {
        "revision" : "04604f4518c4fc456ee521c3d407eebd09a5f109",
        "version" : "0.18.4"
      }
    }
  ],
  "version" : 2
}
